
Microsoft Visual Studio Solution File, Format Version 12.00
# Visual Studio Version 17
VisualStudioVersion = 17.12.35527.113 d17.12
MinimumVisualStudioVersion = 10.0.40219.1
Project("{FAE04EC0-301F-11D3-BF4B-00C04F79EFBC}") = "Task 2", "Task 2.csproj", "{8B08E30E-9057-4025-A9A8-E5EEA2FD7709}"
EndProject
Global
	GlobalSection(SolutionConfigurationPlatforms) = preSolution
		Debug|Any CPU = Debug|Any CPU
		Release|Any CPU = Release|Any CPU
	EndGlobalSection
	GlobalSection(ProjectConfigurationPlatforms) = postSolution
		{8B08E30E-9057-4025-A9A8-E5EEA2FD7709}.Debug|Any CPU.ActiveCfg = Debug|Any CPU
		{8B08E30E-9057-4025-A9A8-E5EEA2FD7709}.Debug|Any CPU.Build.0 = Debug|Any CPU
		{8B08E30E-9057-4025-A9A8-E5EEA2FD7709}.Release|Any CPU.ActiveCfg = Release|Any CPU
		{8B08E30E-9057-4025-A9A8-E5EEA2FD7709}.Release|Any CPU.Build.0 = Release|Any CPU
	EndGlobalSection
	GlobalSection(SolutionProperties) = preSolution
		HideSolutionNode = FALSE
	EndGlobalSection
EndGlobal
